# THIS IS AN AUTOGENERATED FILE. DO NOT EDIT THIS FILE DIRECTLY.
# yarn lockfile v1


"@zenclabs/api@^0.0.19":
  version "0.0.19"
  resolved "https://registry.yarnpkg.com/@zenclabs/api/-/api-0.0.19.tgz#35a5fd59968fc3f321701116dfc51134f025e301"

uuid@^3.2.1:
  version "3.2.1"
  resolved "https://registry.yarnpkg.com/uuid/-/uuid-3.2.1.tgz#12c528bb9d58d0b9265d9a2f6f0fe8be17ff1f14"
